
Microsoft Visual Studio Solution File, Format Version 12.00
# Visual Studio Version 16
VisualStudioVersion = 16.0.31613.86
MinimumVisualStudioVersion = 10.0.40219.1
Project("{9A19103F-16F7-4668-BE54-9A1E7A4F7556}") = "PrintTable", "PrintTable.csproj", "{AEDC7DCA-03AB-4401-BEA5-F569D606D42B}"
EndProject
Global
	GlobalSection(SolutionConfigurationPlatforms) = preSolution
		Debug|Any CPU = Debug|Any CPU
		Release|Any CPU = Release|Any CPU
	EndGlobalSection
	GlobalSection(ProjectConfigurationPlatforms) = postSolution
		{AEDC7DCA-03AB-4401-BEA5-F569D606D42B}.Debug|Any CPU.ActiveCfg = Debug|Any CPU
		{AEDC7DCA-03AB-4401-BEA5-F569D606D42B}.Debug|Any CPU.Build.0 = Debug|Any CPU
		{AEDC7DCA-03AB-4401-BEA5-F569D606D42B}.Release|Any CPU.ActiveCfg = Release|Any CPU
		{AEDC7DCA-03AB-4401-BEA5-F569D606D42B}.Release|Any CPU.Build.0 = Release|Any CPU
	EndGlobalSection
	GlobalSection(SolutionProperties) = preSolution
		HideSolutionNode = FALSE
	EndGlobalSection
	GlobalSection(ExtensibilityGlobals) = postSolution
		SolutionGuid = {783D3C75-A289-44A0-9D6C-65AE0ECE3315}
	EndGlobalSection
EndGlobal
